
Microsoft Visual Studio Solution File, Format Version 12.00
# Visual Studio 15
VisualStudioVersion = 15.0.27004.2009
MinimumVisualStudioVersion = 10.0.40219.1
Project("{FAE04EC0-301F-11D3-BF4B-00C04F79EFBC}") = "ds.test.impl", "ds.test.impl\ds.test.impl.csproj", "{6B82F44B-FBB5-40FB-BE25-D96DC98713E3}"
EndProject
Global
	GlobalSection(SolutionConfigurationPlatforms) = preSolution
		Debug|Any CPU = Debug|Any CPU
		Release|Any CPU = Release|Any CPU
	EndGlobalSection
	GlobalSection(ProjectConfigurationPlatforms) = postSolution
		{6B82F44B-FBB5-40FB-BE25-D96DC98713E3}.Debug|Any CPU.ActiveCfg = Debug|Any CPU
		{6B82F44B-FBB5-40FB-BE25-D96DC98713E3}.Debug|Any CPU.Build.0 = Debug|Any CPU
		{6B82F44B-FBB5-40FB-BE25-D96DC98713E3}.Release|Any CPU.ActiveCfg = Release|Any CPU
		{6B82F44B-FBB5-40FB-BE25-D96DC98713E3}.Release|Any CPU.Build.0 = Release|Any CPU
	EndGlobalSection
	GlobalSection(SolutionProperties) = preSolution
		HideSolutionNode = FALSE
	EndGlobalSection
	GlobalSection(ExtensibilityGlobals) = postSolution
		SolutionGuid = {86BC0D86-07AB-4CF4-998B-9F4612819711}
	EndGlobalSection
EndGlobal
